
Microsoft Visual Studio Solution File, Format Version 12.00
# Visual Studio Version 17
VisualStudioVersion = 17.3.32929.385
MinimumVisualStudioVersion = 10.0.40219.1
Project("{FAE04EC0-301F-11D3-BF4B-00C04F79EFBC}") = "Authentication_And_Authorization", "Authentication_And_Authorization\Authentication_And_Authorization.csproj", "{ED0A3152-5988-44B6-B193-5D68B9D455C1}"
EndProject
Global
	GlobalSection(SolutionConfigurationPlatforms) = preSolution
		Debug|Any CPU = Debug|Any CPU
		Release|Any CPU = Release|Any CPU
	EndGlobalSection
	GlobalSection(ProjectConfigurationPlatforms) = postSolution
		{ED0A3152-5988-44B6-B193-5D68B9D455C1}.Debug|Any CPU.ActiveCfg = Debug|Any CPU
		{ED0A3152-5988-44B6-B193-5D68B9D455C1}.Debug|Any CPU.Build.0 = Debug|Any CPU
		{ED0A3152-5988-44B6-B193-5D68B9D455C1}.Release|Any CPU.ActiveCfg = Release|Any CPU
		{ED0A3152-5988-44B6-B193-5D68B9D455C1}.Release|Any CPU.Build.0 = Release|Any CPU
	EndGlobalSection
	GlobalSection(SolutionProperties) = preSolution
		HideSolutionNode = FALSE
	EndGlobalSection
	GlobalSection(ExtensibilityGlobals) = postSolution
		SolutionGuid = {F612F0CC-746E-4165-8008-E5E54C62D844}
	EndGlobalSection
EndGlobal
